# THIS IS AN AUTOGENERATED FILE. DO NOT EDIT THIS FILE DIRECTLY.
# yarn lockfile v1


weixin-js-sdk-ts@^1.6.1:
  version "1.6.1"
  resolved "https://registry.yarnpkg.com/weixin-js-sdk-ts/-/weixin-js-sdk-ts-1.6.1.tgz#ee5874b3966242b5ab4be1fd5afc90ec553353cd"
  integrity sha512-nnW5zjmg3JG3d+LsNA9ZK3aEKJ1JUR8UU5le84iXEcgfkjVtW0DAucrv/RPD3VHGDUM/5OD43a3bWoGWxIID0A==
  dependencies:
    weixin-js-sdk "^1.6.0"

weixin-js-sdk@^1.6.0:
  version "1.6.0"
  resolved "https://registry.yarnpkg.com/weixin-js-sdk/-/weixin-js-sdk-1.6.0.tgz#ff50484d8118ce1208f11248cf4a1c0831577514"
  integrity sha512-3IYQH7aalJGFJrwdT3epvTdR1MboMiH7vIZ5BRL2eYOJ12BNah7csoMkmSZzkq1+l92sSq29XdTCVjCJoK2sBQ==
